# This file is automatically @generated by Cargo.
# It is not intended for manual editing.
version = 4

[[package]]
name = "deepseek-coder-agent-core"
version = "0.1.0"

[[package]]
name = "deepseek-coder-agent-rpc"
version = "0.1.0"
dependencies = [
 "deepseek-coder-agent-core",
]

[[package]]
name = "deepseek-coder-cli"
version = "0.1.0"
dependencies = [
 "deepseek-coder-agent-core",
]

[[package]]
name = "deepseek-coder-tui"
version = "0.1.0"
dependencies = [
 "deepseek-coder-agent-core",
]
